
Microsoft Visual Studio Solution File, Format Version 12.00
# Visual Studio Version 16
VisualStudioVersion = 16.0.31105.61
MinimumVisualStudioVersion = 10.0.40219.1
Project("{FAE04EC0-301F-11D3-BF4B-00C04F79EFBC}") = "komnatnaya14", "zadacha14\komnatnaya14.csproj", "{85E3F9C5-4212-4567-A55A-37975B14F192}"
EndProject
Global
	GlobalSection(SolutionConfigurationPlatforms) = preSolution
		Debug|Any CPU = Debug|Any CPU
		Release|Any CPU = Release|Any CPU
	EndGlobalSection
	GlobalSection(ProjectConfigurationPlatforms) = postSolution
		{85E3F9C5-4212-4567-A55A-37975B14F192}.Debug|Any CPU.ActiveCfg = Debug|Any CPU
		{85E3F9C5-4212-4567-A55A-37975B14F192}.Debug|Any CPU.Build.0 = Debug|Any CPU
		{85E3F9C5-4212-4567-A55A-37975B14F192}.Release|Any CPU.ActiveCfg = Release|Any CPU
		{85E3F9C5-4212-4567-A55A-37975B14F192}.Release|Any CPU.Build.0 = Release|Any CPU
	EndGlobalSection
	GlobalSection(SolutionProperties) = preSolution
		HideSolutionNode = FALSE
	EndGlobalSection
	GlobalSection(ExtensibilityGlobals) = postSolution
		SolutionGuid = {F98F6342-BA1A-4D05-8F4D-C15542E9C887}
	EndGlobalSection
EndGlobal
