
Microsoft Visual Studio Solution File, Format Version 12.00
# Visual Studio Version 16
VisualStudioVersion = 16.0.31729.503
MinimumVisualStudioVersion = 10.0.40219.1
Project("{FAE04EC0-301F-11D3-BF4B-00C04F79EFBC}") = "bdkomnatnaya", "bdkomnatnaya\bdkomnatnaya.csproj", "{30F13A92-9315-48D1-BC44-A55F6A690FBF}"
EndProject
Global
	GlobalSection(SolutionConfigurationPlatforms) = preSolution
		Debug|Any CPU = Debug|Any CPU
		Release|Any CPU = Release|Any CPU
	EndGlobalSection
	GlobalSection(ProjectConfigurationPlatforms) = postSolution
		{30F13A92-9315-48D1-BC44-A55F6A690FBF}.Debug|Any CPU.ActiveCfg = Debug|Any CPU
		{30F13A92-9315-48D1-BC44-A55F6A690FBF}.Debug|Any CPU.Build.0 = Debug|Any CPU
		{30F13A92-9315-48D1-BC44-A55F6A690FBF}.Release|Any CPU.ActiveCfg = Release|Any CPU
		{30F13A92-9315-48D1-BC44-A55F6A690FBF}.Release|Any CPU.Build.0 = Release|Any CPU
	EndGlobalSection
	GlobalSection(SolutionProperties) = preSolution
		HideSolutionNode = FALSE
	EndGlobalSection
	GlobalSection(ExtensibilityGlobals) = postSolution
		SolutionGuid = {4A2DFF66-41A7-4501-BB51-DD1E090D13E2}
	EndGlobalSection
EndGlobal
